github.com/ajroetker/go-highway v0.0.12 h1:OcGp/l/W7WQtH5ELLuNnKXCuR7ePpWGh2RWZI/INtck=
github.com/ajroetker/go-highway v0.0.12/go.mod h1:un7fcrwix7UOHJrr18Lgh5eeF+1yaZiGWdTw3FbfDv4=
github.com/go-gfx/gfx v0.34.0 h1:K46srusNnZls/xkmJRvxpBajlptgrXc6d3exa4ZxhoA=
github.com/go-gfx/gfx v0.34.0/go.mod h1:TC2X+3GMXm8mYZPmp/v7bFrRa69p+k0xz0Nabbd9sII=
github.com/go-images/jpeg v0.1.0 h1:cfg5WNy0FtPz0kmy573vA1MOWuH3G2jlxbHSiPlayDQ=
github.com/go-images/jpeg v0.1.0/go.mod h1:2C1DevAM+HaQlysTLbSdyol8X/RlvmsXmHAXs9teAqo=
github.com/go-images/jpeg2000 v0.9.1 h1:vn817Lm2h+cS4UghT+WlX5KUZKv3BTxrE5H65Ff6z4U=
github.com/go-images/jpeg2000 v0.9.1/go.mod h1:Qqxz1gBrUwFDBOGkA4RGyTsX7wifr0wvaTQ7k8FK0wY=
github.com/go-opentype/fonts v0.10.0 h1:9f7ik795SlBEJjz6iqBE/ZV2PaTauAj537MMWw9t4OQ=
github.com/go-opentype/fonts v0.10.0/go.mod h1:b+o8v1zDZ6B3GixA398jGILAh09+WwfyoYz52zKe7DA=
github.com/go-opentype/opentype v0.13.0 h1:q9K7IGDfwMP/ik51ZkwiYf6jbaqPfocvAIuojetd0UQ=
github.com/go-opentype/opentype v0.13.0/go.mod h1:AOixevJf7XQaH7+WG+OMIOZEbYPXfMqklVk26Y6YTUU=
github.com/go-pdfkit/pdffont v0.3.1 h1:+K7opHGRERDZ5EMkA12s1GT48t8GpncArhnyzyc5bxU=
github.com/go-pdfkit/pdffont v0.3.1/go.mod h1:eFJ/7t9AvcX76KY5qNJMMKetz8hUUUdVM1qSWLi3S1g=
github.com/go-pdfkit/reader v0.6.0 h1:KAabNOYUcTlZlNBTbG9bEhWP1NiZhjuhzUdavdTdfes=
github.com/go-pdfkit/reader v0.6.0/go.mod h1:fQFOVfCMUui1AdvD4qhimdyvvNr9KvvJ1S7IuKZjyV8=
github.com/go-pdfkit/render v0.60.0 h1:YJpcA47fDedQX+RMLoe4V2004GdGCegOe+g0bOxRPuU=
github.com/go-pdfkit/render v0.60.0/go.mod h1:wVfQmpHJpjM3rP3LLq08Y1Q8aVqOqtunPw7rIYtjx2k=
github.com/sergeymakinen/go-bmp v1.0.0 h1:SdGTzp9WvCV0A1V0mBeaS7kQAwNLdVJbmHlqNWq0R+M=
github.com/sergeymakinen/go-bmp v1.0.0/go.mod h1:/mxlAQZRLxSvJFNIEGGLBE/m40f3ZnUifpgVDlcUIEY=
github.com/sergeymakinen/go-ico v1.0.0 h1:uL3khgvKkY6WfAetA+RqsguClBuu7HpvBB/nq/Jvr80=
github.com/sergeymakinen/go-ico v1.0.0/go.mod h1:wQ47mTczswBO5F0NoDt7O0IXgnV4Xy3ojrroMQzyhUk=
github.com/tannevaled/gobig2 v0.2.0 h1:yx97/ltljALrIWDFVqHjPUIjAp3bfUUhH8Z8UROvNLc=
github.com/tannevaled/gobig2 v0.2.0/go.mod h1:X0S1H+N35kg6zYgVYRqGMsGj3C35zs+iA2r1MXyPcV4=
golang.org/x/image v0.46.0 h1:b1+oYj0Jbp6K5MDT4i4/eZpYlk3V8SJhhDKh6LBHAyQ=
golang.org/x/image v0.46.0/go.mod h1:3B3W05VGVQyuXucLINLjXKrqISASfi4Xj+iCVkLMwew=
golang.org/x/sys v0.48.0 h1:bbX/i/6MgT9BVLM9RT1thmxL04yeTAhbEz4SyadbXoo=
golang.org/x/sys v0.48.0/go.mod h1:hNLxWAXmnKAxqDtdwIYC4bM9oQPEecfsnNMuSxOs3og=
